
Microsoft Visual Studio Solution File, Format Version 12.00
# Visual Studio Version 17
VisualStudioVersion = 17.9.34622.214
MinimumVisualStudioVersion = 10.0.40219.1
Project("{9A19103F-16F7-4668-BE54-9A1E7A4F7556}") = "BibliotecaClases", "BibliotecaClases\BibliotecaClases.csproj", "{3FF10BB3-4D2F-41A6-BAE5-AE9A874FE1E2}"
EndProject
Project("{9A19103F-16F7-4668-BE54-9A1E7A4F7556}") = "Formularios", "FormPrincipal\Formularios.csproj", "{B12731F7-E359-4811-897A-571F42D5CE02}"
EndProject
Global
	GlobalSection(SolutionConfigurationPlatforms) = preSolution
		Debug|Any CPU = Debug|Any CPU
		Release|Any CPU = Release|Any CPU
	EndGlobalSection
	GlobalSection(ProjectConfigurationPlatforms) = postSolution
		{3FF10BB3-4D2F-41A6-BAE5-AE9A874FE1E2}.Debug|Any CPU.ActiveCfg = Debug|Any CPU
		{3FF10BB3-4D2F-41A6-BAE5-AE9A874FE1E2}.Debug|Any CPU.Build.0 = Debug|Any CPU
		{3FF10BB3-4D2F-41A6-BAE5-AE9A874FE1E2}.Release|Any CPU.ActiveCfg = Release|Any CPU
		{3FF10BB3-4D2F-41A6-BAE5-AE9A874FE1E2}.Release|Any CPU.Build.0 = Release|Any CPU
		{B12731F7-E359-4811-897A-571F42D5CE02}.Debug|Any CPU.ActiveCfg = Debug|Any CPU
		{B12731F7-E359-4811-897A-571F42D5CE02}.Debug|Any CPU.Build.0 = Debug|Any CPU
		{B12731F7-E359-4811-897A-571F42D5CE02}.Release|Any CPU.ActiveCfg = Release|Any CPU
		{B12731F7-E359-4811-897A-571F42D5CE02}.Release|Any CPU.Build.0 = Release|Any CPU
	EndGlobalSection
	GlobalSection(SolutionProperties) = preSolution
		HideSolutionNode = FALSE
	EndGlobalSection
	GlobalSection(ExtensibilityGlobals) = postSolution
		SolutionGuid = {01ED254C-60B9-4B0D-95BB-5B7925C8500B}
	EndGlobalSection
EndGlobal
